# This file is autogenerated, do not edit; changes may be undone by the next 'dep ensure'.


[[projects]]
  name = "cloud.google.com/go"
  packages = ["civil"]
  revision = "aad3f485ee528456e0768f20397b4d9dd941e755"
  version = "v0.25.0"

[[projects]]
  branch = "master"
  name = "github.com/denisenkom/go-mssqldb"
  packages = [
    ".",
    "internal/cp"
  ]
  revision = "242fa5aa1b45aeb9fcdfeee88822982e3f548e22"

[[projects]]
  branch = "master"
  name = "github.com/lib/pq"
  packages = [
    ".",
    "oid"
  ]
  revision = "90697d60dd844d5ef6ff15135d0203f65d2f53b8"

[[projects]]
  branch = "master"
  name = "golang.org/x/crypto"
  packages = ["md4"]
  revision = "a2144134853fc9a27a7b1e3eb4f19f1a76df13c9"

[[projects]]
  name = "gopkg.in/gorp.v2"
  packages = ["."]
  revision = "4df78490a9aa9a78b9b02b0c913df8dc1954faee"
  version = "2.1"

[solve-meta]
  analyzer-name = "dep"
  analyzer-version = 1
  inputs-digest = "244db497db480dfe54d78f88411be65b4cd0c360840b4734ce5aa2ff4589118c"
  solver-name = "gps-cdcl"
  solver-version = 1
